// !$*UTF8*$!
{
	archiveVersion = 1;
	classes = {
	};
	objectVersion = 46;
	objects = {

/* Begin PBXBuildFile section */
		260B0EB91C05832300D3E4CC /* AppDelegate.swift in Sources */ = {isa = PBXBuildFile; fileRef = 260B0EB81C05832300D3E4CC /* AppDelegate.swift */; };
		260B0EBB1C05832300D3E4CC /* GameScene.sks in Resources */ = {isa = PBXBuildFile; fileRef = 260B0EBA1C05832300D3E4CC /* GameScene.sks */; };
		260B0EBD1C05832300D3E4CC /* GameScene.swift in Sources */ = {isa = PBXBuildFile; fileRef = 260B0EBC1C05832300D3E4CC /* GameScene.swift */; };
		260B0EBF1C05832300D3E4CC /* GameViewController.swift in Sources */ = {isa = PBXBuildFile; fileRef = 260B0EBE1C05832300D3E4CC /* GameViewController.swift */; };
		260B0EC21C05832300D3E4CC /* Main.storyboard in Resources */ = {isa = PBXBuildFile; fileRef = 260B0EC01C05832300D3E4CC /* Main.storyboard */; };
		260B0EC41C05832300D3E4CC /* Assets.xcassets in Resources */ = {isa = PBXBuildFile; fileRef = 260B0EC31C05832300D3E4CC /* Assets.xcassets */; };
		260B0EC71C05832300D3E4CC /* LaunchScreen.storyboard in Resources */ = {isa = PBXBuildFile; fileRef = 260B0EC51C05832300D3E4CC /* LaunchScreen.storyboard */; };
		260B0ED21C05832300D3E4CC /* CatTests.swift in Sources */ = {isa = PBXBuildFile; fileRef = 260B0ED11C05832300D3E4CC /* CatTests.swift */; };
		260B0EDD1C05832300D3E4CC /* CatUITests.swift in Sources */ = {isa = PBXBuildFile; fileRef = 260B0EDC1C05832300D3E4CC /* CatUITests.swift */; };
		260B0EEB1C0585F800D3E4CC /* EkoPoint.swift in Sources */ = {isa = PBXBuildFile; fileRef = 260B0EEA1C0585F800D3E4CC /* EkoPoint.swift */; };
		260B0EED1C058CD800D3E4CC /* PointContainer.swift in Sources */ = {isa = PBXBuildFile; fileRef = 260B0EEC1C058CD800D3E4CC /* PointContainer.swift */; };
		2665227A1C06A88800AF6BF6 /* Cat.swift in Sources */ = {isa = PBXBuildFile; fileRef = 266522791C06A88800AF6BF6 /* Cat.swift */; };
/* End PBXBuildFile section */

/* Begin PBXContainerItemProxy section */
		260B0ECE1C05832300D3E4CC /* PBXContainerItemProxy */ = {
			isa = PBXContainerItemProxy;
			containerPortal = 260B0EAD1C05832300D3E4CC /* Project object */;
			proxyType = 1;
			remoteGlobalIDString = 260B0EB41C05832300D3E4CC;
			remoteInfo = Cat;
		};
		260B0ED91C05832300D3E4CC /* PBXContainerItemProxy */ = {
			isa = PBXContainerItemProxy;
			containerPortal = 260B0EAD1C05832300D3E4CC /* Project object */;
			proxyType = 1;
			remoteGlobalIDString = 260B0EB41C05832300D3E4CC;
			remoteInfo = Cat;
		};
/* End PBXContainerItemProxy section */

/* Begin PBXFileReference section */
		260B0EB51C05832300D3E4CC /* Cat.app */ = {isa = PBXFileReference; explicitFileType = wrapper.application; includeInIndex = 0; path = Cat.app; sourceTree = BUILT_PRODUCTS_DIR; };
		260B0EB81C05832300D3E4CC /* AppDelegate.swift */ = {isa = PBXFileReference; lastKnownFileType = sourcecode.swift; path = AppDelegate.swift; sourceTree = "<group>"; };
		260B0EBA1C05832300D3E4CC /* GameScene.sks */ = {isa = PBXFileReference; lastKnownFileType = file.sks; path = GameScene.sks; sourceTree = "<group>"; };
		260B0EBC1C05832300D3E4CC /* GameScene.swift */ = {isa = PBXFileReference; lastKnownFileType = sourcecode.swift; path = GameScene.swift; sourceTree = "<group>"; };
		260B0EBE1C05832300D3E4CC /* GameViewController.swift */ = {isa = PBXFileReference; lastKnownFileType = sourcecode.swift; path = GameViewController.swift; sourceTree = "<group>"; };
		260B0EC11C05832300D3E4CC /* Base */ = {isa = PBXFileReference; lastKnownFileType = file.storyboard; name = Base; path = Base.lproj/Main.storyboard; sourceTree = "<group>"; };
		260B0EC31C05832300D3E4CC /* Assets.xcassets */ = {isa = PBXFileReference; lastKnownFileType = folder.assetcatalog; path = Assets.xcassets; sourceTree = "<group>"; };
		260B0EC61C05832300D3E4CC /* Base */ = {isa = PBXFileReference; lastKnownFileType = file.storyboard; name = Base; path = Base.lproj/LaunchScreen.storyboard; sourceTree = "<group>"; };
		260B0EC81C05832300D3E4CC /* Info.plist */ = {isa = PBXFileReference; lastKnownFileType = text.plist.xml; path = Info.plist; sourceTree = "<group>"; };
		260B0ECD1C05832300D3E4CC /* CatTests.xctest */ = {isa = PBXFileReference; explicitFileType = wrapper.cfbundle; includeInIndex = 0; path = CatTests.xctest; sourceTree = BUILT_PRODUCTS_DIR; };
		260B0ED11C05832300D3E4CC /* CatTests.swift */ = {isa = PBXFileReference; lastKnownFileType = sourcecode.swift; path = CatTests.swift; sourceTree = "<group>"; };
		260B0ED31C05832300D3E4CC /* Info.plist */ = {isa = PBXFileReference; lastKnownFileType = text.plist.xml; path = Info.plist; sourceTree = "<group>"; };
		260B0ED81C05832300D3E4CC /* CatUITests.xctest */ = {isa = PBXFileReference; explicitFileType = wrapper.cfbundle; includeInIndex = 0; path = CatUITests.xctest; sourceTree = BUILT_PRODUCTS_DIR; };
		260B0EDC1C05832300D3E4CC /* CatUITests.swift */ = {isa = PBXFileReference; lastKnownFileType = sourcecode.swift; path = CatUITests.swift; sourceTree = "<group>"; };
		260B0EDE1C05832300D3E4CC /* Info.plist */ = {isa = PBXFileReference; lastKnownFileType = text.plist.xml; path = Info.plist; sourceTree = "<group>"; };
		260B0EEA1C0585F800D3E4CC /* EkoPoint.swift */ = {isa = PBXFileReference; fileEncoding = 4; lastKnownFileType = sourcecode.swift; path = EkoPoint.swift; sourceTree = "<group>"; };
		260B0EEC1C058CD800D3E4CC /* PointContainer.swift */ = {isa = PBXFileReference; fileEncoding = 4; lastKnownFileType = sourcecode.swift; path = PointContainer.swift; sourceTree = "<group>"; };
		266522791C06A88800AF6BF6 /* Cat.swift */ = {isa = PBXFileReference; fileEncoding = 4; lastKnownFileType = sourcecode.swift; path = Cat.swift; sourceTree = "<group>"; };
/* End PBXFileReference section */

/* Begin PBXFrameworksBuildPhase section */
		260B0EB21C05832300D3E4CC /* Frameworks */ = {
			isa = PBXFrameworksBuildPhase;
			buildActionMask = 2147483647;
			files = (
			);
			runOnlyForDeploymentPostprocessing = 0;
		};
		260B0ECA1C05832300D3E4CC /* Frameworks */ = {
			isa = PBXFrameworksBuildPhase;
			buildActionMask = 2147483647;
			files = (
			);
			runOnlyForDeploymentPostprocessing = 0;
		};
		260B0ED51C05832300D3E4CC /* Frameworks */ = {
			isa = PBXFrameworksBuildPhase;
			buildActionMask = 2147483647;
			files = (
			);
			runOnlyForDeploymentPostprocessing = 0;
		};
/* End PBXFrameworksBuildPhase section */

/* Begin PBXGroup section */
		260B0EAC1C05832300D3E4CC = {
			isa = PBXGroup;
			children = (
				260B0EB71C05832300D3E4CC /* Cat */,
				260B0ED01C05832300D3E4CC /* CatTests */,
				260B0EDB1C05832300D3E4CC /* CatUITests */,
				260B0EB61C05832300D3E4CC /* Products */,
			);
			sourceTree = "<group>";
		};
		260B0EB61C05832300D3E4CC /* Products */ = {
			isa = PBXGroup;
			children = (
				260B0EB51C05832300D3E4CC /* Cat.app */,
				260B0ECD1C05832300D3E4CC /* CatTests.xctest */,
				260B0ED81C05832300D3E4CC /* CatUITests.xctest */,
			);
			name = Products;
			sourceTree = "<group>";
		};
		260B0EB71C05832300D3E4CC /* Cat */ = {
			isa = PBXGroup;
			children = (
				260B0EB81C05832300D3E4CC /* AppDelegate.swift */,
				260B0EBA1C05832300D3E4CC /* GameScene.sks */,
				260B0EBC1C05832300D3E4CC /* GameScene.swift */,
				260B0EBE1C05832300D3E4CC /* GameViewController.swift */,
				260B0EC01C05832300D3E4CC /* Main.storyboard */,
				260B0EC31C05832300D3E4CC /* Assets.xcassets */,
				260B0EC51C05832300D3E4CC /* LaunchScreen.storyboard */,
				260B0EC81C05832300D3E4CC /* Info.plist */,
				260B0EEA1C0585F800D3E4CC /* EkoPoint.swift */,
				260B0EEC1C058CD800D3E4CC /* PointContainer.swift */,
				266522791C06A88800AF6BF6 /* Cat.swift */,
			);
			path = Cat;
			sourceTree = "<group>";
		};
		260B0ED01C05832300D3E4CC /* CatTests */ = {
			isa = PBXGroup;
			children = (
				260B0ED11C05832300D3E4CC /* CatTests.swift */,
				260B0ED31C05832300D3E4CC /* Info.plist */,
			);
			path = CatTests;
			sourceTree = "<group>";
		};
		260B0EDB1C05832300D3E4CC /* CatUITests */ = {
			isa = PBXGroup;
			children = (
				260B0EDC1C05832300D3E4CC /* CatUITests.swift */,
				260B0EDE1C05832300D3E4CC /* Info.plist */,
			);
			path = CatUITests;
			sourceTree = "<group>";
		};
/* End PBXGroup section */

/* Begin PBXNativeTarget section */
		260B0EB41C05832300D3E4CC /* Cat */ = {
			isa = PBXNativeTarget;
			buildConfigurationList = 260B0EE11C05832300D3E4CC /* Build configuration list for PBXNativeTarget "Cat" */;
			buildPhases = (
				260B0EB11C05832300D3E4CC /* Sources */,
				260B0EB21C05832300D3E4CC /* Frameworks */,
				260B0EB31C05832300D3E4CC /* Resources */,
			);
			buildRules = (
			);
			dependencies = (
			);
			name = Cat;
			productName = Cat;
			productReference = 260B0EB51C05832300D3E4CC /* Cat.app */;
			productType = "com.apple.product-type.application";
		};
		260B0ECC1C05832300D3E4CC /* CatTests */ = {
			isa = PBXNativeTarget;
			buildConfigurationList = 260B0EE41C05832300D3E4CC /* Build configuration list for PBXNativeTarget "CatTests" */;
			buildPhases = (
				260B0EC91C05832300D3E4CC /* Sources */,
				260B0ECA1C05832300D3E4CC /* Frameworks */,
				260B0ECB1C05832300D3E4CC /* Resources */,
			);
			buildRules = (
			);
			dependencies = (
				260B0ECF1C05832300D3E4CC /* PBXTargetDependency */,
			);
			name = CatTests;
			productName = CatTests;
			productReference = 260B0ECD1C05832300D3E4CC /* CatTests.xctest */;
			productType = "com.apple.product-type.bundle.unit-test";
		};
		260B0ED71C05832300D3E4CC /* CatUITests */ = {
			isa = PBXNativeTarget;
			buildConfigurationList = 260B0EE71C05832300D3E4CC /* Build configuration list for PBXNativeTarget "CatUITests" */;
			buildPhases = (
				260B0ED41C05832300D3E4CC /* Sources */,
				260B0ED51C05832300D3E4CC /* Frameworks */,
				260B0ED61C05832300D3E4CC /* Resources */,
			);
			buildRules = (
			);
			dependencies = (
				260B0EDA1C05832300D3E4CC /* PBXTargetDependency */,
			);
			name = CatUITests;
			productName = CatUITests;
			productReference = 260B0ED81C05832300D3E4CC /* CatUITests.xctest */;
			productType = "com.apple.product-type.bundle.ui-testing";
		};
/* End PBXNativeTarget section */

/* Begin PBXProject section */
		260B0EAD1C05832300D3E4CC /* Project object */ = {
			isa = PBXProject;
			attributes = {
				LastSwiftUpdateCheck = 0710;
				LastUpgradeCheck = 0710;
				ORGANIZATIONNAME = qefee;
				TargetAttributes = {
					260B0EB41C05832300D3E4CC = {
						CreatedOnToolsVersion = 7.1.1;
					};
					260B0ECC1C05832300D3E4CC = {
						CreatedOnToolsVersion = 7.1.1;
						TestTargetID = 260B0EB41C05832300D3E4CC;
					};
					260B0ED71C05832300D3E4CC = {
						CreatedOnToolsVersion = 7.1.1;
						TestTargetID = 260B0EB41C05832300D3E4CC;
					};
				};
			};
			buildConfigurationList = 260B0EB01C05832300D3E4CC /* Build configuration list for PBXProject "Cat" */;
			compatibilityVersion = "Xcode 3.2";
			developmentRegion = English;
			hasScannedForEncodings = 0;
			knownRegions = (
				en,
				Base,
			);
			mainGroup = 260B0EAC1C05832300D3E4CC;
			productRefGroup = 260B0EB61C05832300D3E4CC /* Products */;
			projectDirPath = "";
			projectRoot = "";
			targets = (
				260B0EB41C05832300D3E4CC /* Cat */,
				260B0ECC1C05832300D3E4CC /* CatTests */,
				260B0ED71C05832300D3E4CC /* CatUITests */,
			);
		};
/* End PBXProject section */

/* Begin PBXResourcesBuildPhase section */
		260B0EB31C05832300D3E4CC /* Resources */ = {
			isa = PBXResourcesBuildPhase;
			buildActionMask = 2147483647;
			files = (
				260B0EBB1C05832300D3E4CC /* GameScene.sks in Resources */,
				260B0EC71C05832300D3E4CC /* LaunchScreen.storyboard in Resources */,
				260B0EC41C05832300D3E4CC /* Assets.xcassets in Resources */,
				260B0EC21C05832300D3E4CC /* Main.storyboard in Resources */,
			);
			runOnlyForDeploymentPostprocessing = 0;
		};
		260B0ECB1C05832300D3E4CC /* Resources */ = {
			isa = PBXResourcesBuildPhase;
			buildActionMask = 2147483647;
			files = (
			);
			runOnlyForDeploymentPostprocessing = 0;
		};
		260B0ED61C05832300D3E4CC /* Resources */ = {
			isa = PBXResourcesBuildPhase;
			buildActionMask = 2147483647;
			files = (
			);
			runOnlyForDeploymentPostprocessing = 0;
		};
/* End PBXResourcesBuildPhase section */

/* Begin PBXSourcesBuildPhase section */
		260B0EB11C05832300D3E4CC /* Sources */ = {
			isa = PBXSourcesBuildPhase;
			buildActionMask = 2147483647;
			files = (
				260B0EBD1C05832300D3E4CC /* GameScene.swift in Sources */,
				260B0EBF1C05832300D3E4CC /* GameViewController.swift in Sources */,
				2665227A1C06A88800AF6BF6 /* Cat.swift in Sources */,
				260B0EEB1C0585F800D3E4CC /* EkoPoint.swift in Sources */,
				260B0EED1C058CD800D3E4CC /* PointContainer.swift in Sources */,
				260B0EB91C05832300D3E4CC /* AppDelegate.swift in Sources */,
			);
			runOnlyForDeploymentPostprocessing = 0;
		};
		260B0EC91C05832300D3E4CC /* Sources */ = {
			isa = PBXSourcesBuildPhase;
			buildActionMask = 2147483647;
			files = (
				260B0ED21C05832300D3E4CC /* CatTests.swift in Sources */,
			);
			runOnlyForDeploymentPostprocessing = 0;
		};
		260B0ED41C05832300D3E4CC /* Sources */ = {
			isa = PBXSourcesBuildPhase;
			buildActionMask = 2147483647;
			files = (
				260B0EDD1C05832300D3E4CC /* CatUITests.swift in Sources */,
			);
			runOnlyForDeploymentPostprocessing = 0;
		};
/* End PBXSourcesBuildPhase section */

/* Begin PBXTargetDependency section */
		260B0ECF1C05832300D3E4CC /* PBXTargetDependency */ = {
			isa = PBXTargetDependency;
			target = 260B0EB41C05832300D3E4CC /* Cat */;
			targetProxy = 260B0ECE1C05832300D3E4CC /* PBXContainerItemProxy */;
		};
		260B0EDA1C05832300D3E4CC /* PBXTargetDependency */ = {
			isa = PBXTargetDependency;
			target = 260B0EB41C05832300D3E4CC /* Cat */;
			targetProxy = 260B0ED91C05832300D3E4CC /* PBXContainerItemProxy */;
		};
/* End PBXTargetDependency section */

/* Begin PBXVariantGroup section */
		260B0EC01C05832300D3E4CC /* Main.storyboard */ = {
			isa = PBXVariantGroup;
			children = (
				260B0EC11C05832300D3E4CC /* Base */,
			);
			name = Main.storyboard;
			sourceTree = "<group>";
		};
		260B0EC51C05832300D3E4CC /* LaunchScreen.storyboard */ = {
			isa = PBXVariantGroup;
			children = (
				260B0EC61C05832300D3E4CC /* Base */,
			);
			name = LaunchScreen.storyboard;
			sourceTree = "<group>";
		};
/* End PBXVariantGroup section */

/* Begin XCBuildConfiguration section */
		260B0EDF1C05832300D3E4CC /* Debug */ = {
			isa = XCBuildConfiguration;
			buildSettings = {
				ALWAYS_SEARCH_USER_PATHS = NO;
				CLANG_CXX_LANGUAGE_STANDARD = "gnu++0x";
				CLANG_CXX_LIBRARY = "libc++";
				CLANG_ENABLE_MODULES = YES;
				CLANG_ENABLE_OBJC_ARC = YES;
				CLANG_WARN_BOOL_CONVERSION = YES;
				CLANG_WARN_CONSTANT_CONVERSION = YES;
				CLANG_WARN_DIRECT_OBJC_ISA_USAGE = YES_ERROR;
				CLANG_WARN_EMPTY_BODY = YES;
				CLANG_WARN_ENUM_CONVERSION = YES;
				CLANG_WARN_INT_CONVERSION = YES;
				CLANG_WARN_OBJC_ROOT_CLASS = YES_ERROR;
				CLANG_WARN_UNREACHABLE_CODE = YES;
				CLANG_WARN__DUPLICATE_METHOD_MATCH = YES;
				"CODE_SIGN_IDENTITY[sdk=iphoneos*]" = "iPhone Developer";
				COPY_PHASE_STRIP = NO;
				DEBUG_INFORMATION_FORMAT = "dwarf-with-dsym";
				ENABLE_STRICT_OBJC_MSGSEND = YES;
				ENABLE_TESTABILITY = YES;
				GCC_C_LANGUAGE_STANDARD = gnu99;
				GCC_DYNAMIC_NO_PIC = NO;
				GCC_NO_COMMON_BLOCKS = YES;
				GCC_OPTIMIZATION_LEVEL = 0;
				GCC_PREPROCESSOR_DEFINITIONS = (
					"DEBUG=1",
					"$(inherited)",
				);
				GCC_WARN_64_TO_32_BIT_CONVERSION = YES;
				GCC_WARN_ABOUT_RETURN_TYPE = YES_ERROR;
				GCC_WARN_UNDECLARED_SELECTOR = YES;
				GCC_WARN_UNINITIALIZED_AUTOS = YES_AGGRESSIVE;
				GCC_WARN_UNUSED_FUNCTION = YES;
				GCC_WARN_UNUSED_VARIABLE = YES;
				IPHONEOS_DEPLOYMENT_TARGET = 9.1;
				MTL_ENABLE_DEBUG_INFO = YES;
				ONLY_ACTIVE_ARCH = YES;
				SDKROOT = iphoneos;
				SWIFT_OPTIMIZATION_LEVEL = "-Onone";
			};
			name = Debug;
		};
		260B0EE01C05832300D3E4CC /* Release */ = {
			isa = XCBuildConfiguration;
			buildSettings = {
				ALWAYS_SEARCH_USER_PATHS = NO;
				CLANG_CXX_LANGUAGE_STANDARD = "gnu++0x";
				CLANG_CXX_LIBRARY = "libc++";
				CLANG_ENABLE_MODULES = YES;
				CLANG_ENABLE_OBJC_ARC = YES;
				CLANG_WARN_BOOL_CONVERSION = YES;
				CLANG_WARN_CONSTANT_CONVERSION = YES;
				CLANG_WARN_DIRECT_OBJC_ISA_USAGE = YES_ERROR;
				CLANG_WARN_EMPTY_BODY = YES;
				CLANG_WARN_ENUM_CONVERSION = YES;
				CLANG_WARN_INT_CONVERSION = YES;
				CLANG_WARN_OBJC_ROOT_CLASS = YES_ERROR;
				CLANG_WARN_UNREACHABLE_CODE = YES;
				CLANG_WARN__DUPLICATE_METHOD_MATCH = YES;
				"CODE_SIGN_IDENTITY[sdk=iphoneos*]" = "iPhone Developer";
				COPY_PHASE_STRIP = NO;
				DEBUG_INFORMATION_FORMAT = "dwarf-with-dsym";
				ENABLE_NS_ASSERTIONS = NO;
				ENABLE_STRICT_OBJC_MSGSEND = YES;
				GCC_C_LANGUAGE_STANDARD = gnu99;
				GCC_NO_COMMON_BLOCKS = YES;
				GCC_WARN_64_TO_32_BIT_CONVERSION = YES;
				GCC_WARN_ABOUT_RETURN_TYPE = YES_ERROR;
				GCC_WARN_UNDECLARED_SELECTOR = YES;
				GCC_WARN_UNINITIALIZED_AUTOS = YES_AGGRESSIVE;
				GCC_WARN_UNUSED_FUNCTION = YES;
				GCC_WARN_UNUSED_VARIABLE = YES;
				IPHONEOS_DEPLOYMENT_TARGET = 9.1;
				MTL_ENABLE_DEBUG_INFO = NO;
				SDKROOT = iphoneos;
				VALIDATE_PRODUCT = YES;
			};
			name = Release;
		};
		260B0EE21C05832300D3E4CC /* Debug */ = {
			isa = XCBuildConfiguration;
			buildSettings = {
				ASSETCATALOG_COMPILER_APPICON_NAME = AppIcon;
				INFOPLIST_FILE = Cat/Info.plist;
				LD_RUNPATH_SEARCH_PATHS = "$(inherited) @executable_path/Frameworks";
				PRODUCT_BUNDLE_IDENTIFIER = com.qefee.Cat;
				PRODUCT_NAME = "$(TARGET_NAME)";
			};
			name = Debug;
		};
		260B0EE31C05832300D3E4CC /* Release */ = {
			isa = XCBuildConfiguration;
			buildSettings = {
				ASSETCATALOG_COMPILER_APPICON_NAME = AppIcon;
				INFOPLIST_FILE = Cat/Info.plist;
				LD_RUNPATH_SEARCH_PATHS = "$(inherited) @executable_path/Frameworks";
				PRODUCT_BUNDLE_IDENTIFIER = com.qefee.Cat;
				PRODUCT_NAME = "$(TARGET_NAME)";
			};
			name = Release;
		};
		260B0EE51C05832300D3E4CC /* Debug */ = {
			isa = XCBuildConfiguration;
			buildSettings = {
				BUNDLE_LOADER = "$(TEST_HOST)";
				DEBUG_INFORMATION_FORMAT = dwarf;
				INFOPLIST_FILE = CatTests/Info.plist;
				LD_RUNPATH_SEARCH_PATHS = "$(inherited) @executable_path/Frameworks @loader_path/Frameworks";
				PRODUCT_BUNDLE_IDENTIFIER = com.qefee.CatTests;
				PRODUCT_NAME = "$(TARGET_NAME)";
				TEST_HOST = "$(BUILT_PRODUCTS_DIR)/Cat.app/Cat";
			};
			name = Debug;
		};
		260B0EE61C05832300D3E4CC /* Release */ = {
			isa = XCBuildConfiguration;
			buildSettings = {
				BUNDLE_LOADER = "$(TEST_HOST)";
				INFOPLIST_FILE = CatTests/Info.plist;
				LD_RUNPATH_SEARCH_PATHS = "$(inherited) @executable_path/Frameworks @loader_path/Frameworks";
				PRODUCT_BUNDLE_IDENTIFIER = com.qefee.CatTests;
				PRODUCT_NAME = "$(TARGET_NAME)";
				TEST_HOST = "$(BUILT_PRODUCTS_DIR)/Cat.app/Cat";
			};
			name = Release;
		};
		260B0EE81C05832300D3E4CC /* Debug */ = {
			isa = XCBuildConfiguration;
			buildSettings = {
				DEBUG_INFORMATION_FORMAT = dwarf;
				INFOPLIST_FILE = CatUITests/Info.plist;
				LD_RUNPATH_SEARCH_PATHS = "$(inherited) @executable_path/Frameworks @loader_path/Frameworks";
				PRODUCT_BUNDLE_IDENTIFIER = com.qefee.CatUITests;
				PRODUCT_NAME = "$(TARGET_NAME)";
				TEST_TARGET_NAME = Cat;
				USES_XCTRUNNER = YES;
			};
			name = Debug;
		};
		260B0EE91C05832300D3E4CC /* Release */ = {
			isa = XCBuildConfiguration;
			buildSettings = {
				INFOPLIST_FILE = CatUITests/Info.plist;
				LD_RUNPATH_SEARCH_PATHS = "$(inherited) @executable_path/Frameworks @loader_path/Frameworks";
				PRODUCT_BUNDLE_IDENTIFIER = com.qefee.CatUITests;
				PRODUCT_NAME = "$(TARGET_NAME)";
				TEST_TARGET_NAME = Cat;
				USES_XCTRUNNER = YES;
			};
			name = Release;
		};
/* End XCBuildConfiguration section */

/* Begin XCConfigurationList section */
		260B0EB01C05832300D3E4CC /* Build configuration list for PBXProject "Cat" */ = {
			isa = XCConfigurationList;
			buildConfigurations = (
				260B0EDF1C05832300D3E4CC /* Debug */,
				260B0EE01C05832300D3E4CC /* Release */,
			);
			defaultConfigurationIsVisible = 0;
			defaultConfigurationName = Release;
		};
		260B0EE11C05832300D3E4CC /* Build configuration list for PBXNativeTarget "Cat" */ = {
			isa = XCConfigurationList;
			buildConfigurations = (
				260B0EE21C05832300D3E4CC /* Debug */,
				260B0EE31C05832300D3E4CC /* Release */,
			);
			defaultConfigurationIsVisible = 0;
			defaultConfigurationName = Release;
		};
		260B0EE41C05832300D3E4CC /* Build configuration list for PBXNativeTarget "CatTests" */ = {
			isa = XCConfigurationList;
			buildConfigurations = (
				260B0EE51C05832300D3E4CC /* Debug */,
				260B0EE61C05832300D3E4CC /* Release */,
			);
			defaultConfigurationIsVisible = 0;
			defaultConfigurationName = Release;
		};
		260B0EE71C05832300D3E4CC /* Build configuration list for PBXNativeTarget "CatUITests" */ = {
			isa = XCConfigurationList;
			buildConfigurations = (
				260B0EE81C05832300D3E4CC /* Debug */,
				260B0EE91C05832300D3E4CC /* Release */,
			);
			defaultConfigurationIsVisible = 0;
			defaultConfigurationName = Release;
		};
/* End XCConfigurationList section */
	};
	rootObject = 260B0EAD1C05832300D3E4CC /* Project object */;
}
